
Microsoft Visual Studio Solution File, Format Version 12.00
# Visual Studio Version 16
VisualStudioVersion = 16.0.29519.181
MinimumVisualStudioVersion = 10.0.40219.1
Project("{FAE04EC0-301F-11D3-BF4B-00C04F79EFBC}") = "RBUtility", "RBUtility\RBUtility.csproj", "{25BFDEB7-4E5F-43E3-BF6B-89B92EF9939D}"
EndProject
Global
	GlobalSection(SolutionConfigurationPlatforms) = preSolution
		Debug|Any CPU = Debug|Any CPU
		Release|Any CPU = Release|Any CPU
	EndGlobalSection
	GlobalSection(ProjectConfigurationPlatforms) = postSolution
		{25BFDEB7-4E5F-43E3-BF6B-89B92EF9939D}.Debug|Any CPU.ActiveCfg = Debug|Any CPU
		{25BFDEB7-4E5F-43E3-BF6B-89B92EF9939D}.Debug|Any CPU.Build.0 = Debug|Any CPU
		{25BFDEB7-4E5F-43E3-BF6B-89B92EF9939D}.Release|Any CPU.ActiveCfg = Release|Any CPU
		{25BFDEB7-4E5F-43E3-BF6B-89B92EF9939D}.Release|Any CPU.Build.0 = Release|Any CPU
	EndGlobalSection
	GlobalSection(SolutionProperties) = preSolution
		HideSolutionNode = FALSE
	EndGlobalSection
	GlobalSection(ExtensibilityGlobals) = postSolution
		SolutionGuid = {215A383A-E992-4F45-BC1E-BF5FBA9BE65C}
	EndGlobalSection
EndGlobal
